{
  "name": "lifetagger",
  "version": "1.0.0",
  "lockfileVersion": 2,
  "requires": true,
  "packages": {
    "": {
      "name": "lifetagger",
      "version": "1.0.0",
      "license": "ISC",
      "dependencies": {
        "dotenv": "^16.0.0",
        "exiftool-vendored": "^16.0.0",
        "open": "^8.4.0"
      }
    },
    "node_modules/@types/luxon": {
      "version": "2.3.0",
      "resolved": "https://registry.npmjs.org/@types/luxon/-/luxon-2.3.0.tgz",
      "integrity": "sha512-mWXdRlg+5dWvxU+uaijB2RY5NrJtMEXR6j+D6W66hPuezSVXrQqQvWa/JNHntgEYgjzeoVRrQVmMWAbKjUJiFQ=="
    },
    "node_modules/batch-cluster": {
      "version": "10.3.2",
      "resolved": "https://registry.npmjs.org/batch-cluster/-/batch-cluster-10.3.2.tgz",
      "integrity": "sha512-aRecx9w6ZVAzKIbWoyHWkXgP3Aboe/YmUuaRDXMKtJM8SesO40AvpHt9ZFLl7GMcVkiqxvG863q3MALicfsuUg==",
      "engines": {
        "node": ">=10.0.0"
      }
    },
    "node_modules/define-lazy-prop": {
      "version": "2.0.0",
      "resolved": "https://registry.npmjs.org/define-lazy-prop/-/define-lazy-prop-2.0.0.tgz",
      "integrity": "sha512-Ds09qNh8yw3khSjiJjiUInaGX9xlqZDY7JVryGxdxV7NPeuqQfplOpQ66yJFZut3jLa5zOwkXw1g9EI2uKh4Og==",
      "engines": {
        "node": ">=8"
      }
    },
    "node_modules/dotenv": {
      "version": "16.0.0",
      "resolved": "https://registry.npmjs.org/dotenv/-/dotenv-16.0.0.tgz",
      "integrity": "sha512-qD9WU0MPM4SWLPJy/r2Be+2WgQj8plChsyrCNQzW/0WjvcJQiKQJ9mH3ZgB3fxbUUxgc/11ZJ0Fi5KiimWGz2Q==",
      "engines": {
        "node": ">=12"
      }
    },
    "node_modules/exiftool-vendored": {
      "version": "16.0.0",
      "resolved": "https://registry.npmjs.org/exiftool-vendored/-/exiftool-vendored-16.0.0.tgz",
      "integrity": "sha512-iOng6u0qlcVlO3hExpRFqIZWKwuTKGq/vbOXT22dE763vbCZZQik16klsgbawsW5bO7DYFhcTcbXaK8k/WyiHQ==",
      "dependencies": {
        "@types/luxon": "^2.3.0",
        "batch-cluster": "^10.3.2",
        "he": "^1.2.0",
        "luxon": "^2.3.1",
        "tz-lookup": "^6.1.25"
      },
      "optionalDependencies": {
        "exiftool-vendored.exe": "12.40.0",
        "exiftool-vendored.pl": "12.40.0"
      }
    },
    "node_modules/exiftool-vendored.exe": {
      "version": "12.40.0",
      "resolved": "https://registry.npmjs.org/exiftool-vendored.exe/-/exiftool-vendored.exe-12.40.0.tgz",
      "integrity": "sha512-Ng7CGioXkX3msJzI8HxM5ZbtoUiw/4JFJSxe9d/kOqOo3nMqStB8sqtwjmilsHAyuW2JIGkUtZ+IxPkuzRrmyA==",
      "optional": true,
      "os": [
        "win32"
      ]
    },
    "node_modules/exiftool-vendored.pl": {
      "version": "12.40.0",
      "resolved": "https://registry.npmjs.org/exiftool-vendored.pl/-/exiftool-vendored.pl-12.40.0.tgz",
      "integrity": "sha512-yNoDhG6g8ifzgm0PPqgWTiI5vdbuTGyTgIlpy+hxeuf7M2b0x6tGtYNakjIO9Q08VDNxXIr1lEZJR2EMZ5JDTQ==",
      "optional": true,
      "os": [
        "!win32"
      ]
    },
    "node_modules/he": {
      "version": "1.2.0",
      "resolved": "https://registry.npmjs.org/he/-/he-1.2.0.tgz",
      "integrity": "sha512-F/1DnUGPopORZi0ni+CvrCgHQ5FyEAHRLSApuYWMmrbSwoN2Mn/7k+Gl38gJnR7yyDZk6WLXwiGod1JOWNDKGw==",
      "bin": {
        "he": "bin/he"
      }
    },
    "node_modules/is-docker": {
      "version": "2.2.1",
      "resolved": "https://registry.npmjs.org/is-docker/-/is-docker-2.2.1.tgz",
      "integrity": "sha512-F+i2BKsFrH66iaUFc0woD8sLy8getkwTwtOBjvs56Cx4CgJDeKQeqfz8wAYiSb8JOprWhHH5p77PbmYCvvUuXQ==",
      "bin": {
        "is-docker": "cli.js"
      },
      "engines": {
        "node": ">=8"
      },
      "funding": {
        "url": "https://github.com/sponsors/sindresorhus"
      }
    },
    "node_modules/is-wsl": {
      "version": "2.2.0",
      "resolved": "https://registry.npmjs.org/is-wsl/-/is-wsl-2.2.0.tgz",
      "integrity": "sha512-fKzAra0rGJUUBwGBgNkHZuToZcn+TtXHpeCgmkMJMMYx1sQDYaCSyjJBSCa2nH1DGm7s3n1oBnohoVTBaN7Lww==",
      "dependencies": {
        "is-docker": "^2.0.0"
      },
      "engines": {
        "node": ">=8"
      }
    },
    "node_modules/luxon": {
      "version": "2.3.1",
      "resolved": "https://registry.npmjs.org/luxon/-/luxon-2.3.1.tgz",
      "integrity": "sha512-I8vnjOmhXsMSlNMZlMkSOvgrxKJl0uOsEzdGgGNZuZPaS9KlefpE9KV95QFftlJSC+1UyCC9/I69R02cz/zcCA==",
      "engines": {
        "node": ">=12"
      }
    },
    "node_modules/open": {
      "version": "8.4.0",
      "resolved": "https://registry.npmjs.org/open/-/open-8.4.0.tgz",
      "integrity": "sha512-XgFPPM+B28FtCCgSb9I+s9szOC1vZRSwgWsRUA5ylIxRTgKozqjOCrVOqGsYABPYK5qnfqClxZTFBa8PKt2v6Q==",
      "dependencies": {
        "define-lazy-prop": "^2.0.0",
        "is-docker": "^2.1.1",
        "is-wsl": "^2.2.0"
      },
      "engines": {
        "node": ">=12"
      },
      "funding": {
        "url": "https://github.com/sponsors/sindresorhus"
      }
    },
    "node_modules/tz-lookup": {
      "version": "6.1.25",
      "resolved": "https://registry.npmjs.org/tz-lookup/-/tz-lookup-6.1.25.tgz",
      "integrity": "sha512-fFewT9o1uDzsW1QnUU1ValqaihFnwiUiiHr1S79/fxOzKXYYvX+EHeRnpvQJ9B3Qg67wPXT6QF2Esc4pFOrvLg=="
    }
  },
  "dependencies": {
    "@types/luxon": {
      "version": "2.3.0",
      "resolved": "https://registry.npmjs.org/@types/luxon/-/luxon-2.3.0.tgz",
      "integrity": "sha512-mWXdRlg+5dWvxU+uaijB2RY5NrJtMEXR6j+D6W66hPuezSVXrQqQvWa/JNHntgEYgjzeoVRrQVmMWAbKjUJiFQ=="
    },
    "batch-cluster": {
      "version": "10.3.2",
      "resolved": "https://registry.npmjs.org/batch-cluster/-/batch-cluster-10.3.2.tgz",
      "integrity": "sha512-aRecx9w6ZVAzKIbWoyHWkXgP3Aboe/YmUuaRDXMKtJM8SesO40AvpHt9ZFLl7GMcVkiqxvG863q3MALicfsuUg=="
    },
    "define-lazy-prop": {
      "version": "2.0.0",
      "resolved": "https://registry.npmjs.org/define-lazy-prop/-/define-lazy-prop-2.0.0.tgz",
      "integrity": "sha512-Ds09qNh8yw3khSjiJjiUInaGX9xlqZDY7JVryGxdxV7NPeuqQfplOpQ66yJFZut3jLa5zOwkXw1g9EI2uKh4Og=="
    },
    "dotenv": {
      "version": "16.0.0",
      "resolved": "https://registry.npmjs.org/dotenv/-/dotenv-16.0.0.tgz",
      "integrity": "sha512-qD9WU0MPM4SWLPJy/r2Be+2WgQj8plChsyrCNQzW/0WjvcJQiKQJ9mH3ZgB3fxbUUxgc/11ZJ0Fi5KiimWGz2Q=="
    },
    "exiftool-vendored": {
      "version": "16.0.0",
      "resolved": "https://registry.npmjs.org/exiftool-vendored/-/exiftool-vendored-16.0.0.tgz",
      "integrity": "sha512-iOng6u0qlcVlO3hExpRFqIZWKwuTKGq/vbOXT22dE763vbCZZQik16klsgbawsW5bO7DYFhcTcbXaK8k/WyiHQ==",
      "requires": {
        "@types/luxon": "^2.3.0",
        "batch-cluster": "^10.3.2",
        "exiftool-vendored.exe": "12.40.0",
        "exiftool-vendored.pl": "12.40.0",
        "he": "^1.2.0",
        "luxon": "^2.3.1",
        "tz-lookup": "^6.1.25"
      }
    },
    "exiftool-vendored.exe": {
      "version": "12.40.0",
      "resolved": "https://registry.npmjs.org/exiftool-vendored.exe/-/exiftool-vendored.exe-12.40.0.tgz",
      "integrity": "sha512-Ng7CGioXkX3msJzI8HxM5ZbtoUiw/4JFJSxe9d/kOqOo3nMqStB8sqtwjmilsHAyuW2JIGkUtZ+IxPkuzRrmyA==",
      "optional": true
    },
    "exiftool-vendored.pl": {
      "version": "12.40.0",
      "resolved": "https://registry.npmjs.org/exiftool-vendored.pl/-/exiftool-vendored.pl-12.40.0.tgz",
      "integrity": "sha512-yNoDhG6g8ifzgm0PPqgWTiI5vdbuTGyTgIlpy+hxeuf7M2b0x6tGtYNakjIO9Q08VDNxXIr1lEZJR2EMZ5JDTQ==",
      "optional": true
    },
    "he": {
      "version": "1.2.0",
      "resolved": "https://registry.npmjs.org/he/-/he-1.2.0.tgz",
      "integrity": "sha512-F/1DnUGPopORZi0ni+CvrCgHQ5FyEAHRLSApuYWMmrbSwoN2Mn/7k+Gl38gJnR7yyDZk6WLXwiGod1JOWNDKGw=="
    },
    "is-docker": {
      "version": "2.2.1",
      "resolved": "https://registry.npmjs.org/is-docker/-/is-docker-2.2.1.tgz",
      "integrity": "sha512-F+i2BKsFrH66iaUFc0woD8sLy8getkwTwtOBjvs56Cx4CgJDeKQeqfz8wAYiSb8JOprWhHH5p77PbmYCvvUuXQ=="
    },
    "is-wsl": {
      "version": "2.2.0",
      "resolved": "https://registry.npmjs.org/is-wsl/-/is-wsl-2.2.0.tgz",
      "integrity": "sha512-fKzAra0rGJUUBwGBgNkHZuToZcn+TtXHpeCgmkMJMMYx1sQDYaCSyjJBSCa2nH1DGm7s3n1oBnohoVTBaN7Lww==",
      "requires": {
        "is-docker": "^2.0.0"
      }
    },
    "luxon": {
      "version": "2.3.1",
      "resolved": "https://registry.npmjs.org/luxon/-/luxon-2.3.1.tgz",
      "integrity": "sha512-I8vnjOmhXsMSlNMZlMkSOvgrxKJl0uOsEzdGgGNZuZPaS9KlefpE9KV95QFftlJSC+1UyCC9/I69R02cz/zcCA=="
    },
    "open": {
      "version": "8.4.0",
      "resolved": "https://registry.npmjs.org/open/-/open-8.4.0.tgz",
      "integrity": "sha512-XgFPPM+B28FtCCgSb9I+s9szOC1vZRSwgWsRUA5ylIxRTgKozqjOCrVOqGsYABPYK5qnfqClxZTFBa8PKt2v6Q==",
      "requires": {
        "define-lazy-prop": "^2.0.0",
        "is-docker": "^2.1.1",
        "is-wsl": "^2.2.0"
      }
    },
    "tz-lookup": {
      "version": "6.1.25",
      "resolved": "https://registry.npmjs.org/tz-lookup/-/tz-lookup-6.1.25.tgz",
      "integrity": "sha512-fFewT9o1uDzsW1QnUU1ValqaihFnwiUiiHr1S79/fxOzKXYYvX+EHeRnpvQJ9B3Qg67wPXT6QF2Esc4pFOrvLg=="
    }
  }
}
